// !$*UTF8*$!
{
	archiveVersion = 1;
	classes = {
	};
	objectVersion = 46;
	objects = {

/* Begin PBXBuildFile section */
		DCED14B71BCD6E8D007B541C /* AppDelegate.swift in Sources */ = {isa = PBXBuildFile; fileRef = DCED14B61BCD6E8D007B541C /* AppDelegate.swift */; };
		DCED14B91BCD6E8D007B541C /* RecordAudioViewController.swift in Sources */ = {isa = PBXBuildFile; fileRef = DCED14B81BCD6E8D007B541C /* RecordAudioViewController.swift */; };
		DCED14BC1BCD6E8D007B541C /* Main.storyboard in Resources */ = {isa = PBXBuildFile; fileRef = DCED14BA1BCD6E8D007B541C /* Main.storyboard */; };
		DCED14BE1BCD6E8D007B541C /* Assets.xcassets in Resources */ = {isa = PBXBuildFile; fileRef = DCED14BD1BCD6E8D007B541C /* Assets.xcassets */; };
		DCED14C11BCD6E8D007B541C /* LaunchScreen.storyboard in Resources */ = {isa = PBXBuildFile; fileRef = DCED14BF1BCD6E8D007B541C /* LaunchScreen.storyboard */; };
		DCED14CC1BCD6E8D007B541C /* Pitch_PerfectTests.swift in Sources */ = {isa = PBXBuildFile; fileRef = DCED14CB1BCD6E8D007B541C /* Pitch_PerfectTests.swift */; };
		DCED14D71BCD6E8D007B541C /* Pitch_PerfectUITests.swift in Sources */ = {isa = PBXBuildFile; fileRef = DCED14D61BCD6E8D007B541C /* Pitch_PerfectUITests.swift */; };
		DCF3147A1BCE87E200E4A041 /* PlaySoundsViewController.swift in Sources */ = {isa = PBXBuildFile; fileRef = DCF314791BCE87E200E4A041 /* PlaySoundsViewController.swift */; settings = {ASSET_TAGS = (); }; };
		DCF314801BCEA11600E4A041 /* RecordedAudio.swift in Sources */ = {isa = PBXBuildFile; fileRef = DCF3147F1BCEA11600E4A041 /* RecordedAudio.swift */; settings = {ASSET_TAGS = (); }; };
/* End PBXBuildFile section */

/* Begin PBXContainerItemProxy section */
		DCED14C81BCD6E8D007B541C /* PBXContainerItemProxy */ = {
			isa = PBXContainerItemProxy;
			containerPortal = DCED14AB1BCD6E8D007B541C /* Project object */;
			proxyType = 1;
			remoteGlobalIDString = DCED14B21BCD6E8D007B541C;
			remoteInfo = "Pitch Perfect";
		};
		DCED14D31BCD6E8D007B541C /* PBXContainerItemProxy */ = {
			isa = PBXContainerItemProxy;
			containerPortal = DCED14AB1BCD6E8D007B541C /* Project object */;
			proxyType = 1;
			remoteGlobalIDString = DCED14B21BCD6E8D007B541C;
			remoteInfo = "Pitch Perfect";
		};
/* End PBXContainerItemProxy section */

/* Begin PBXFileReference section */
		DCED14B31BCD6E8D007B541C /* Pitch Perfect.app */ = {isa = PBXFileReference; explicitFileType = wrapper.application; includeInIndex = 0; path = "Pitch Perfect.app"; sourceTree = BUILT_PRODUCTS_DIR; };
		DCED14B61BCD6E8D007B541C /* AppDelegate.swift */ = {isa = PBXFileReference; lastKnownFileType = sourcecode.swift; path = AppDelegate.swift; sourceTree = "<group>"; };
		DCED14B81BCD6E8D007B541C /* RecordAudioViewController.swift */ = {isa = PBXFileReference; lastKnownFileType = sourcecode.swift; path = RecordAudioViewController.swift; sourceTree = "<group>"; };
		DCED14BB1BCD6E8D007B541C /* Base */ = {isa = PBXFileReference; lastKnownFileType = file.storyboard; name = Base; path = Base.lproj/Main.storyboard; sourceTree = "<group>"; };
		DCED14BD1BCD6E8D007B541C /* Assets.xcassets */ = {isa = PBXFileReference; lastKnownFileType = folder.assetcatalog; path = Assets.xcassets; sourceTree = "<group>"; };
		DCED14C01BCD6E8D007B541C /* Base */ = {isa = PBXFileReference; lastKnownFileType = file.storyboard; name = Base; path = Base.lproj/LaunchScreen.storyboard; sourceTree = "<group>"; };
		DCED14C21BCD6E8D007B541C /* Info.plist */ = {isa = PBXFileReference; lastKnownFileType = text.plist.xml; path = Info.plist; sourceTree = "<group>"; };
		DCED14C71BCD6E8D007B541C /* Pitch PerfectTests.xctest */ = {isa = PBXFileReference; explicitFileType = wrapper.cfbundle; includeInIndex = 0; path = "Pitch PerfectTests.xctest"; sourceTree = BUILT_PRODUCTS_DIR; };
		DCED14CB1BCD6E8D007B541C /* Pitch_PerfectTests.swift */ = {isa = PBXFileReference; lastKnownFileType = sourcecode.swift; path = Pitch_PerfectTests.swift; sourceTree = "<group>"; };
		DCED14CD1BCD6E8D007B541C /* Info.plist */ = {isa = PBXFileReference; lastKnownFileType = text.plist.xml; path = Info.plist; sourceTree = "<group>"; };
		DCED14D21BCD6E8D007B541C /* Pitch PerfectUITests.xctest */ = {isa = PBXFileReference; explicitFileType = wrapper.cfbundle; includeInIndex = 0; path = "Pitch PerfectUITests.xctest"; sourceTree = BUILT_PRODUCTS_DIR; };
		DCED14D61BCD6E8D007B541C /* Pitch_PerfectUITests.swift */ = {isa = PBXFileReference; lastKnownFileType = sourcecode.swift; path = Pitch_PerfectUITests.swift; sourceTree = "<group>"; };
		DCED14D81BCD6E8D007B541C /* Info.plist */ = {isa = PBXFileReference; lastKnownFileType = text.plist.xml; path = Info.plist; sourceTree = "<group>"; };
		DCF314791BCE87E200E4A041 /* PlaySoundsViewController.swift */ = {isa = PBXFileReference; fileEncoding = 4; lastKnownFileType = sourcecode.swift; path = PlaySoundsViewController.swift; sourceTree = "<group>"; };
		DCF3147F1BCEA11600E4A041 /* RecordedAudio.swift */ = {isa = PBXFileReference; fileEncoding = 4; lastKnownFileType = sourcecode.swift; path = RecordedAudio.swift; sourceTree = "<group>"; };
/* End PBXFileReference section */

/* Begin PBXFrameworksBuildPhase section */
		DCED14B01BCD6E8D007B541C /* Frameworks */ = {
			isa = PBXFrameworksBuildPhase;
			buildActionMask = 2147483647;
			files = (
			);
			runOnlyForDeploymentPostprocessing = 0;
		};
		DCED14C41BCD6E8D007B541C /* Frameworks */ = {
			isa = PBXFrameworksBuildPhase;
			buildActionMask = 2147483647;
			files = (
			);
			runOnlyForDeploymentPostprocessing = 0;
		};
		DCED14CF1BCD6E8D007B541C /* Frameworks */ = {
			isa = PBXFrameworksBuildPhase;
			buildActionMask = 2147483647;
			files = (
			);
			runOnlyForDeploymentPostprocessing = 0;
		};
/* End PBXFrameworksBuildPhase section */

/* Begin PBXGroup section */
		DCED14AA1BCD6E8D007B541C = {
			isa = PBXGroup;
			children = (
				DCED14B51BCD6E8D007B541C /* Pitch Perfect */,
				DCED14CA1BCD6E8D007B541C /* Pitch PerfectTests */,
				DCED14D51BCD6E8D007B541C /* Pitch PerfectUITests */,
				DCED14B41BCD6E8D007B541C /* Products */,
			);
			sourceTree = "<group>";
		};
		DCED14B41BCD6E8D007B541C /* Products */ = {
			isa = PBXGroup;
			children = (
				DCED14B31BCD6E8D007B541C /* Pitch Perfect.app */,
				DCED14C71BCD6E8D007B541C /* Pitch PerfectTests.xctest */,
				DCED14D21BCD6E8D007B541C /* Pitch PerfectUITests.xctest */,
			);
			name = Products;
			sourceTree = "<group>";
		};
		DCED14B51BCD6E8D007B541C /* Pitch Perfect */ = {
			isa = PBXGroup;
			children = (
				DCED14B61BCD6E8D007B541C /* AppDelegate.swift */,
				DCED14B81BCD6E8D007B541C /* RecordAudioViewController.swift */,
				DCED14BA1BCD6E8D007B541C /* Main.storyboard */,
				DCF314791BCE87E200E4A041 /* PlaySoundsViewController.swift */,
				DCED14BD1BCD6E8D007B541C /* Assets.xcassets */,
				DCED14BF1BCD6E8D007B541C /* LaunchScreen.storyboard */,
				DCED14C21BCD6E8D007B541C /* Info.plist */,
				DCF3147F1BCEA11600E4A041 /* RecordedAudio.swift */,
			);
			path = "Pitch Perfect";
			sourceTree = "<group>";
		};
		DCED14CA1BCD6E8D007B541C /* Pitch PerfectTests */ = {
			isa = PBXGroup;
			children = (
				DCED14CB1BCD6E8D007B541C /* Pitch_PerfectTests.swift */,
				DCED14CD1BCD6E8D007B541C /* Info.plist */,
			);
			path = "Pitch PerfectTests";
			sourceTree = "<group>";
		};
		DCED14D51BCD6E8D007B541C /* Pitch PerfectUITests */ = {
			isa = PBXGroup;
			children = (
				DCED14D61BCD6E8D007B541C /* Pitch_PerfectUITests.swift */,
				DCED14D81BCD6E8D007B541C /* Info.plist */,
			);
			path = "Pitch PerfectUITests";
			sourceTree = "<group>";
		};
/* End PBXGroup section */

/* Begin PBXNativeTarget section */
		DCED14B21BCD6E8D007B541C /* Pitch Perfect */ = {
			isa = PBXNativeTarget;
			buildConfigurationList = DCED14DB1BCD6E8D007B541C /* Build configuration list for PBXNativeTarget "Pitch Perfect" */;
			buildPhases = (
				DCED14AF1BCD6E8D007B541C /* Sources */,
				DCED14B01BCD6E8D007B541C /* Frameworks */,
				DCED14B11BCD6E8D007B541C /* Resources */,
			);
			buildRules = (
			);
			dependencies = (
			);
			name = "Pitch Perfect";
			productName = "Pitch Perfect";
			productReference = DCED14B31BCD6E8D007B541C /* Pitch Perfect.app */;
			productType = "com.apple.product-type.application";
		};
		DCED14C61BCD6E8D007B541C /* Pitch PerfectTests */ = {
			isa = PBXNativeTarget;
			buildConfigurationList = DCED14DE1BCD6E8D007B541C /* Build configuration list for PBXNativeTarget "Pitch PerfectTests" */;
			buildPhases = (
				DCED14C31BCD6E8D007B541C /* Sources */,
				DCED14C41BCD6E8D007B541C /* Frameworks */,
				DCED14C51BCD6E8D007B541C /* Resources */,
			);
			buildRules = (
			);
			dependencies = (
				DCED14C91BCD6E8D007B541C /* PBXTargetDependency */,
			);
			name = "Pitch PerfectTests";
			productName = "Pitch PerfectTests";
			productReference = DCED14C71BCD6E8D007B541C /* Pitch PerfectTests.xctest */;
			productType = "com.apple.product-type.bundle.unit-test";
		};
		DCED14D11BCD6E8D007B541C /* Pitch PerfectUITests */ = {
			isa = PBXNativeTarget;
			buildConfigurationList = DCED14E11BCD6E8D007B541C /* Build configuration list for PBXNativeTarget "Pitch PerfectUITests" */;
			buildPhases = (
				DCED14CE1BCD6E8D007B541C /* Sources */,
				DCED14CF1BCD6E8D007B541C /* Frameworks */,
				DCED14D01BCD6E8D007B541C /* Resources */,
			);
			buildRules = (
			);
			dependencies = (
				DCED14D41BCD6E8D007B541C /* PBXTargetDependency */,
			);
			name = "Pitch PerfectUITests";
			productName = "Pitch PerfectUITests";
			productReference = DCED14D21BCD6E8D007B541C /* Pitch PerfectUITests.xctest */;
			productType = "com.apple.product-type.bundle.ui-testing";
		};
/* End PBXNativeTarget section */

/* Begin PBXProject section */
		DCED14AB1BCD6E8D007B541C /* Project object */ = {
			isa = PBXProject;
			attributes = {
				LastUpgradeCheck = 0700;
				ORGANIZATIONNAME = XiLosada;
				TargetAttributes = {
					DCED14B21BCD6E8D007B541C = {
						CreatedOnToolsVersion = 7.0.1;
					};
					DCED14C61BCD6E8D007B541C = {
						CreatedOnToolsVersion = 7.0.1;
						TestTargetID = DCED14B21BCD6E8D007B541C;
					};
					DCED14D11BCD6E8D007B541C = {
						CreatedOnToolsVersion = 7.0.1;
						TestTargetID = DCED14B21BCD6E8D007B541C;
					};
				};
			};
			buildConfigurationList = DCED14AE1BCD6E8D007B541C /* Build configuration list for PBXProject "Pitch Perfect" */;
			compatibilityVersion = "Xcode 3.2";
			developmentRegion = English;
			hasScannedForEncodings = 0;
			knownRegions = (
				en,
				Base,
			);
			mainGroup = DCED14AA1BCD6E8D007B541C;
			productRefGroup = DCED14B41BCD6E8D007B541C /* Products */;
			projectDirPath = "";
			projectRoot = "";
			targets = (
				DCED14B21BCD6E8D007B541C /* Pitch Perfect */,
				DCED14C61BCD6E8D007B541C /* Pitch PerfectTests */,
				DCED14D11BCD6E8D007B541C /* Pitch PerfectUITests */,
			);
		};
/* End PBXProject section */

/* Begin PBXResourcesBuildPhase section */
		DCED14B11BCD6E8D007B541C /* Resources */ = {
			isa = PBXResourcesBuildPhase;
			buildActionMask = 2147483647;
			files = (
				DCED14C11BCD6E8D007B541C /* LaunchScreen.storyboard in Resources */,
				DCED14BE1BCD6E8D007B541C /* Assets.xcassets in Resources */,
				DCED14BC1BCD6E8D007B541C /* Main.storyboard in Resources */,
			);
			runOnlyForDeploymentPostprocessing = 0;
		};
		DCED14C51BCD6E8D007B541C /* Resources */ = {
			isa = PBXResourcesBuildPhase;
			buildActionMask = 2147483647;
			files = (
			);
			runOnlyForDeploymentPostprocessing = 0;
		};
		DCED14D01BCD6E8D007B541C /* Resources */ = {
			isa = PBXResourcesBuildPhase;
			buildActionMask = 2147483647;
			files = (
			);
			runOnlyForDeploymentPostprocessing = 0;
		};
/* End PBXResourcesBuildPhase section */

/* Begin PBXSourcesBuildPhase section */
		DCED14AF1BCD6E8D007B541C /* Sources */ = {
			isa = PBXSourcesBuildPhase;
			buildActionMask = 2147483647;
			files = (
				DCF314801BCEA11600E4A041 /* RecordedAudio.swift in Sources */,
				DCED14B91BCD6E8D007B541C /* RecordAudioViewController.swift in Sources */,
				DCF3147A1BCE87E200E4A041 /* PlaySoundsViewController.swift in Sources */,
				DCED14B71BCD6E8D007B541C /* AppDelegate.swift in Sources */,
			);
			runOnlyForDeploymentPostprocessing = 0;
		};
		DCED14C31BCD6E8D007B541C /* Sources */ = {
			isa = PBXSourcesBuildPhase;
			buildActionMask = 2147483647;
			files = (
				DCED14CC1BCD6E8D007B541C /* Pitch_PerfectTests.swift in Sources */,
			);
			runOnlyForDeploymentPostprocessing = 0;
		};
		DCED14CE1BCD6E8D007B541C /* Sources */ = {
			isa = PBXSourcesBuildPhase;
			buildActionMask = 2147483647;
			files = (
				DCED14D71BCD6E8D007B541C /* Pitch_PerfectUITests.swift in Sources */,
			);
			runOnlyForDeploymentPostprocessing = 0;
		};
/* End PBXSourcesBuildPhase section */

/* Begin PBXTargetDependency section */
		DCED14C91BCD6E8D007B541C /* PBXTargetDependency */ = {
			isa = PBXTargetDependency;
			target = DCED14B21BCD6E8D007B541C /* Pitch Perfect */;
			targetProxy = DCED14C81BCD6E8D007B541C /* PBXContainerItemProxy */;
		};
		DCED14D41BCD6E8D007B541C /* PBXTargetDependency */ = {
			isa = PBXTargetDependency;
			target = DCED14B21BCD6E8D007B541C /* Pitch Perfect */;
			targetProxy = DCED14D31BCD6E8D007B541C /* PBXContainerItemProxy */;
		};
/* End PBXTargetDependency section */

/* Begin PBXVariantGroup section */
		DCED14BA1BCD6E8D007B541C /* Main.storyboard */ = {
			isa = PBXVariantGroup;
			children = (
				DCED14BB1BCD6E8D007B541C /* Base */,
			);
			name = Main.storyboard;
			sourceTree = "<group>";
		};
		DCED14BF1BCD6E8D007B541C /* LaunchScreen.storyboard */ = {
			isa = PBXVariantGroup;
			children = (
				DCED14C01BCD6E8D007B541C /* Base */,
			);
			name = LaunchScreen.storyboard;
			sourceTree = "<group>";
		};
/* End PBXVariantGroup section */

/* Begin XCBuildConfiguration section */
		DCED14D91BCD6E8D007B541C /* Debug */ = {
			isa = XCBuildConfiguration;
			buildSettings = {
				ALWAYS_SEARCH_USER_PATHS = NO;
				CLANG_CXX_LANGUAGE_STANDARD = "gnu++0x";
				CLANG_CXX_LIBRARY = "libc++";
				CLANG_ENABLE_MODULES = YES;
				CLANG_ENABLE_OBJC_ARC = YES;
				CLANG_WARN_BOOL_CONVERSION = YES;
				CLANG_WARN_CONSTANT_CONVERSION = YES;
				CLANG_WARN_DIRECT_OBJC_ISA_USAGE = YES_ERROR;
				CLANG_WARN_EMPTY_BODY = YES;
				CLANG_WARN_ENUM_CONVERSION = YES;
				CLANG_WARN_INT_CONVERSION = YES;
				CLANG_WARN_OBJC_ROOT_CLASS = YES_ERROR;
				CLANG_WARN_UNREACHABLE_CODE = YES;
				CLANG_WARN__DUPLICATE_METHOD_MATCH = YES;
				"CODE_SIGN_IDENTITY[sdk=iphoneos*]" = "iPhone Developer";
				COPY_PHASE_STRIP = NO;
				DEBUG_INFORMATION_FORMAT = dwarf;
				ENABLE_STRICT_OBJC_MSGSEND = YES;
				ENABLE_TESTABILITY = YES;
				GCC_C_LANGUAGE_STANDARD = gnu99;
				GCC_DYNAMIC_NO_PIC = NO;
				GCC_NO_COMMON_BLOCKS = YES;
				GCC_OPTIMIZATION_LEVEL = 0;
				GCC_PREPROCESSOR_DEFINITIONS = (
					"DEBUG=1",
					"$(inherited)",
				);
				GCC_WARN_64_TO_32_BIT_CONVERSION = YES;
				GCC_WARN_ABOUT_RETURN_TYPE = YES_ERROR;
				GCC_WARN_UNDECLARED_SELECTOR = YES;
				GCC_WARN_UNINITIALIZED_AUTOS = YES_AGGRESSIVE;
				GCC_WARN_UNUSED_FUNCTION = YES;
				GCC_WARN_UNUSED_VARIABLE = YES;
				IPHONEOS_DEPLOYMENT_TARGET = 9.0;
				MTL_ENABLE_DEBUG_INFO = YES;
				ONLY_ACTIVE_ARCH = YES;
				SDKROOT = iphoneos;
				SWIFT_OPTIMIZATION_LEVEL = "-Onone";
			};
			name = Debug;
		};
		DCED14DA1BCD6E8D007B541C /* Release */ = {
			isa = XCBuildConfiguration;
			buildSettings = {
				ALWAYS_SEARCH_USER_PATHS = NO;
				CLANG_CXX_LANGUAGE_STANDARD = "gnu++0x";
				CLANG_CXX_LIBRARY = "libc++";
				CLANG_ENABLE_MODULES = YES;
				CLANG_ENABLE_OBJC_ARC = YES;
				CLANG_WARN_BOOL_CONVERSION = YES;
				CLANG_WARN_CONSTANT_CONVERSION = YES;
				CLANG_WARN_DIRECT_OBJC_ISA_USAGE = YES_ERROR;
				CLANG_WARN_EMPTY_BODY = YES;
				CLANG_WARN_ENUM_CONVERSION = YES;
				CLANG_WARN_INT_CONVERSION = YES;
				CLANG_WARN_OBJC_ROOT_CLASS = YES_ERROR;
				CLANG_WARN_UNREACHABLE_CODE = YES;
				CLANG_WARN__DUPLICATE_METHOD_MATCH = YES;
				"CODE_SIGN_IDENTITY[sdk=iphoneos*]" = "iPhone Developer";
				COPY_PHASE_STRIP = NO;
				DEBUG_INFORMATION_FORMAT = "dwarf-with-dsym";
				ENABLE_NS_ASSERTIONS = NO;
				ENABLE_STRICT_OBJC_MSGSEND = YES;
				GCC_C_LANGUAGE_STANDARD = gnu99;
				GCC_NO_COMMON_BLOCKS = YES;
				GCC_WARN_64_TO_32_BIT_CONVERSION = YES;
				GCC_WARN_ABOUT_RETURN_TYPE = YES_ERROR;
				GCC_WARN_UNDECLARED_SELECTOR = YES;
				GCC_WARN_UNINITIALIZED_AUTOS = YES_AGGRESSIVE;
				GCC_WARN_UNUSED_FUNCTION = YES;
				GCC_WARN_UNUSED_VARIABLE = YES;
				IPHONEOS_DEPLOYMENT_TARGET = 9.0;
				MTL_ENABLE_DEBUG_INFO = NO;
				SDKROOT = iphoneos;
				VALIDATE_PRODUCT = YES;
			};
			name = Release;
		};
		DCED14DC1BCD6E8D007B541C /* Debug */ = {
			isa = XCBuildConfiguration;
			buildSettings = {
				ASSETCATALOG_COMPILER_APPICON_NAME = AppIcon;
				INFOPLIST_FILE = "Pitch Perfect/Info.plist";
				LD_RUNPATH_SEARCH_PATHS = "$(inherited) @executable_path/Frameworks";
				PRODUCT_BUNDLE_IDENTIFIER = "com.xilosada.Pitch-Perfect";
				PRODUCT_NAME = "$(TARGET_NAME)";
			};
			name = Debug;
		};
		DCED14DD1BCD6E8D007B541C /* Release */ = {
			isa = XCBuildConfiguration;
			buildSettings = {
				ASSETCATALOG_COMPILER_APPICON_NAME = AppIcon;
				INFOPLIST_FILE = "Pitch Perfect/Info.plist";
				LD_RUNPATH_SEARCH_PATHS = "$(inherited) @executable_path/Frameworks";
				PRODUCT_BUNDLE_IDENTIFIER = "com.xilosada.Pitch-Perfect";
				PRODUCT_NAME = "$(TARGET_NAME)";
			};
			name = Release;
		};
		DCED14DF1BCD6E8D007B541C /* Debug */ = {
			isa = XCBuildConfiguration;
			buildSettings = {
				BUNDLE_LOADER = "$(TEST_HOST)";
				INFOPLIST_FILE = "Pitch PerfectTests/Info.plist";
				LD_RUNPATH_SEARCH_PATHS = "$(inherited) @executable_path/Frameworks @loader_path/Frameworks";
				PRODUCT_BUNDLE_IDENTIFIER = "com.xilosada.Pitch-PerfectTests";
				PRODUCT_NAME = "$(TARGET_NAME)";
				TEST_HOST = "$(BUILT_PRODUCTS_DIR)/Pitch Perfect.app/Pitch Perfect";
			};
			name = Debug;
		};
		DCED14E01BCD6E8D007B541C /* Release */ = {
			isa = XCBuildConfiguration;
			buildSettings = {
				BUNDLE_LOADER = "$(TEST_HOST)";
				INFOPLIST_FILE = "Pitch PerfectTests/Info.plist";
				LD_RUNPATH_SEARCH_PATHS = "$(inherited) @executable_path/Frameworks @loader_path/Frameworks";
				PRODUCT_BUNDLE_IDENTIFIER = "com.xilosada.Pitch-PerfectTests";
				PRODUCT_NAME = "$(TARGET_NAME)";
				TEST_HOST = "$(BUILT_PRODUCTS_DIR)/Pitch Perfect.app/Pitch Perfect";
			};
			name = Release;
		};
		DCED14E21BCD6E8D007B541C /* Debug */ = {
			isa = XCBuildConfiguration;
			buildSettings = {
				INFOPLIST_FILE = "Pitch PerfectUITests/Info.plist";
				LD_RUNPATH_SEARCH_PATHS = "$(inherited) @executable_path/Frameworks @loader_path/Frameworks";
				PRODUCT_BUNDLE_IDENTIFIER = "com.xilosada.Pitch-PerfectUITests";
				PRODUCT_NAME = "$(TARGET_NAME)";
				TEST_TARGET_NAME = "Pitch Perfect";
				USES_XCTRUNNER = YES;
			};
			name = Debug;
		};
		DCED14E31BCD6E8D007B541C /* Release */ = {
			isa = XCBuildConfiguration;
			buildSettings = {
				INFOPLIST_FILE = "Pitch PerfectUITests/Info.plist";
				LD_RUNPATH_SEARCH_PATHS = "$(inherited) @executable_path/Frameworks @loader_path/Frameworks";
				PRODUCT_BUNDLE_IDENTIFIER = "com.xilosada.Pitch-PerfectUITests";
				PRODUCT_NAME = "$(TARGET_NAME)";
				TEST_TARGET_NAME = "Pitch Perfect";
				USES_XCTRUNNER = YES;
			};
			name = Release;
		};
/* End XCBuildConfiguration section */

/* Begin XCConfigurationList section */
		DCED14AE1BCD6E8D007B541C /* Build configuration list for PBXProject "Pitch Perfect" */ = {
			isa = XCConfigurationList;
			buildConfigurations = (
				DCED14D91BCD6E8D007B541C /* Debug */,
				DCED14DA1BCD6E8D007B541C /* Release */,
			);
			defaultConfigurationIsVisible = 0;
			defaultConfigurationName = Release;
		};
		DCED14DB1BCD6E8D007B541C /* Build configuration list for PBXNativeTarget "Pitch Perfect" */ = {
			isa = XCConfigurationList;
			buildConfigurations = (
				DCED14DC1BCD6E8D007B541C /* Debug */,
				DCED14DD1BCD6E8D007B541C /* Release */,
			);
			defaultConfigurationIsVisible = 0;
			defaultConfigurationName = Release;
		};
		DCED14DE1BCD6E8D007B541C /* Build configuration list for PBXNativeTarget "Pitch PerfectTests" */ = {
			isa = XCConfigurationList;
			buildConfigurations = (
				DCED14DF1BCD6E8D007B541C /* Debug */,
				DCED14E01BCD6E8D007B541C /* Release */,
			);
			defaultConfigurationIsVisible = 0;
			defaultConfigurationName = Release;
		};
		DCED14E11BCD6E8D007B541C /* Build configuration list for PBXNativeTarget "Pitch PerfectUITests" */ = {
			isa = XCConfigurationList;
			buildConfigurations = (
				DCED14E21BCD6E8D007B541C /* Debug */,
				DCED14E31BCD6E8D007B541C /* Release */,
			);
			defaultConfigurationIsVisible = 0;
			defaultConfigurationName = Release;
		};
/* End XCConfigurationList section */
	};
	rootObject = DCED14AB1BCD6E8D007B541C /* Project object */;
}
